{
    "_meta": {
        "hash": {
            "sha256": "b7569b4777e94508168e66fca9f0f2a2fe2e999e08e94f96af1264cbafce86a4"
        },
        "pipfile-spec": 6,
        "requires": {
            "python_full_version": "3.12.5",
            "python_version": "3.12"
        },
        "sources": [
            {
                "name": "pypi",
                "url": "https://pypi.org/simple",
                "verify_ssl": true
            }
        ]
    },
    "default": {
        "datasets": "*",
        "tokenizers": "*",
        "torch": "*",
        "torchaudio": "*",
        "torchvision": "*"
    },
    "develop": {}
}
